
Microsoft Visual Studio Solution File, Format Version 12.00
# Visual Studio Version 17
VisualStudioVersion = 17.6.33815.320
MinimumVisualStudioVersion = 10.0.40219.1
Project("{FAE04EC0-301F-11D3-BF4B-00C04F79EFBC}") = "Number power calculator", "Number power calculator\Number power calculator.csproj", "{7940C18D-A641-422C-88B0-D99605BF7AAB}"
EndProject
Global
	GlobalSection(SolutionConfigurationPlatforms) = preSolution
		Debug|Any CPU = Debug|Any CPU
		Release|Any CPU = Release|Any CPU
	EndGlobalSection
	GlobalSection(ProjectConfigurationPlatforms) = postSolution
		{7940C18D-A641-422C-88B0-D99605BF7AAB}.Debug|Any CPU.ActiveCfg = Debug|Any CPU
		{7940C18D-A641-422C-88B0-D99605BF7AAB}.Debug|Any CPU.Build.0 = Debug|Any CPU
		{7940C18D-A641-422C-88B0-D99605BF7AAB}.Release|Any CPU.ActiveCfg = Release|Any CPU
		{7940C18D-A641-422C-88B0-D99605BF7AAB}.Release|Any CPU.Build.0 = Release|Any CPU
	EndGlobalSection
	GlobalSection(SolutionProperties) = preSolution
		HideSolutionNode = FALSE
	EndGlobalSection
	GlobalSection(ExtensibilityGlobals) = postSolution
		SolutionGuid = {BB899EBA-819A-4F1E-B445-14944D3481ED}
	EndGlobalSection
EndGlobal
